
Microsoft Visual Studio Solution File, Format Version 12.00
# Visual Studio Version 17
VisualStudioVersion = 17.14.36310.24 d17.14
MinimumVisualStudioVersion = 10.0.40219.1
Project("{FAE04EC0-301F-11D3-BF4B-00C04F79EFBC}") = "CompactadorHuffman", "CompactadorHuffman.csproj", "{DA4F05ED-3B52-4331-B722-7C2FF6D6DB53}"
EndProject
Global
	GlobalSection(SolutionConfigurationPlatforms) = preSolution
		Debug|Any CPU = Debug|Any CPU
		Release|Any CPU = Release|Any CPU
	EndGlobalSection
	GlobalSection(ProjectConfigurationPlatforms) = postSolution
		{DA4F05ED-3B52-4331-B722-7C2FF6D6DB53}.Debug|Any CPU.ActiveCfg = Debug|Any CPU
		{DA4F05ED-3B52-4331-B722-7C2FF6D6DB53}.Debug|Any CPU.Build.0 = Debug|Any CPU
		{DA4F05ED-3B52-4331-B722-7C2FF6D6DB53}.Release|Any CPU.ActiveCfg = Release|Any CPU
		{DA4F05ED-3B52-4331-B722-7C2FF6D6DB53}.Release|Any CPU.Build.0 = Release|Any CPU
	EndGlobalSection
	GlobalSection(SolutionProperties) = preSolution
		HideSolutionNode = FALSE
	EndGlobalSection
	GlobalSection(ExtensibilityGlobals) = postSolution
		SolutionGuid = {7FFB6C4A-1059-4326-B28D-D2CA78E1374C}
	EndGlobalSection
EndGlobal
